{
  "nodes": {
    "nixpkgs": {
      "locked": {
        "lastModified": 1628986556,
        "narHash": "sha256-JVowkyDmNtm+dlAdtNb4Cl9849OJ0l5WxQPIn+1VWCQ=",
        "owner": "NixOS",
        "repo": "nixpkgs",
        "rev": "475baa6cf20a20513ed4919df0475e61a035cf94",
        "type": "github"
      },
      "original": {
        "owner": "NixOS",
        "repo": "nixpkgs",
        "type": "github"
      }
    },
    "root": {
      "inputs": {
        "nixpkgs": "nixpkgs"
      }
    }
  },
  "root": "root",
  "version": 7
}
